// !$*UTF8*$!
{
	archiveVersion = 1;
	classes = {
	};
	objectVersion = 48;
	objects = {

/* Begin PBXBuildFile section */
		D12E00D81FE117C400AB447A /* AppDelegate.swift in Sources */ = {isa = PBXBuildFile; fileRef = D12E00D71FE117C400AB447A /* AppDelegate.swift */; };
		D12E00DA1FE117C400AB447A /* ViewController.swift in Sources */ = {isa = PBXBuildFile; fileRef = D12E00D91FE117C400AB447A /* ViewController.swift */; };
		D12E00DD1FE117C400AB447A /* Main.storyboard in Resources */ = {isa = PBXBuildFile; fileRef = D12E00DB1FE117C400AB447A /* Main.storyboard */; };
		D12E00DF1FE117C400AB447A /* Assets.xcassets in Resources */ = {isa = PBXBuildFile; fileRef = D12E00DE1FE117C400AB447A /* Assets.xcassets */; };
		D12E00E21FE117C400AB447A /* LaunchScreen.storyboard in Resources */ = {isa = PBXBuildFile; fileRef = D12E00E01FE117C400AB447A /* LaunchScreen.storyboard */; };
		D12E00EA1FE117E200AB447A /* CustomButtonAction.swift in Sources */ = {isa = PBXBuildFile; fileRef = D12E00E91FE117E200AB447A /* CustomButtonAction.swift */; };
		D12E00F11FE1342700AB447A /* MADispatchQueue.m in Sources */ = {isa = PBXBuildFile; fileRef = D12E00EE1FE1342700AB447A /* MADispatchQueue.m */; };
		D12E00F21FE1342700AB447A /* MAThreadPool.m in Sources */ = {isa = PBXBuildFile; fileRef = D12E00F01FE1342700AB447A /* MAThreadPool.m */; };
/* End PBXBuildFile section */

/* Begin PBXFileReference section */
		D12E00D41FE117C400AB447A /* CustomControl.app */ = {isa = PBXFileReference; explicitFileType = wrapper.application; includeInIndex = 0; path = CustomControl.app; sourceTree = BUILT_PRODUCTS_DIR; };
		D12E00D71FE117C400AB447A /* AppDelegate.swift */ = {isa = PBXFileReference; lastKnownFileType = sourcecode.swift; path = AppDelegate.swift; sourceTree = "<group>"; };
		D12E00D91FE117C400AB447A /* ViewController.swift */ = {isa = PBXFileReference; lastKnownFileType = sourcecode.swift; path = ViewController.swift; sourceTree = "<group>"; };
		D12E00DC1FE117C400AB447A /* Base */ = {isa = PBXFileReference; lastKnownFileType = file.storyboard; name = Base; path = Base.lproj/Main.storyboard; sourceTree = "<group>"; };
		D12E00DE1FE117C400AB447A /* Assets.xcassets */ = {isa = PBXFileReference; lastKnownFileType = folder.assetcatalog; path = Assets.xcassets; sourceTree = "<group>"; };
		D12E00E11FE117C400AB447A /* Base */ = {isa = PBXFileReference; lastKnownFileType = file.storyboard; name = Base; path = Base.lproj/LaunchScreen.storyboard; sourceTree = "<group>"; };
		D12E00E31FE117C400AB447A /* Info.plist */ = {isa = PBXFileReference; lastKnownFileType = text.plist.xml; path = Info.plist; sourceTree = "<group>"; };
		D12E00E91FE117E200AB447A /* CustomButtonAction.swift */ = {isa = PBXFileReference; lastKnownFileType = sourcecode.swift; path = CustomButtonAction.swift; sourceTree = "<group>"; };
		D12E00EC1FE1342700AB447A /* CustomControl-Bridging-Header.h */ = {isa = PBXFileReference; lastKnownFileType = sourcecode.c.h; path = "CustomControl-Bridging-Header.h"; sourceTree = "<group>"; };
		D12E00ED1FE1342700AB447A /* MADispatchQueue.h */ = {isa = PBXFileReference; fileEncoding = 4; lastKnownFileType = sourcecode.c.h; path = MADispatchQueue.h; sourceTree = "<group>"; };
		D12E00EE1FE1342700AB447A /* MADispatchQueue.m */ = {isa = PBXFileReference; fileEncoding = 4; lastKnownFileType = sourcecode.c.objc; path = MADispatchQueue.m; sourceTree = "<group>"; };
		D12E00EF1FE1342700AB447A /* MAThreadPool.h */ = {isa = PBXFileReference; fileEncoding = 4; lastKnownFileType = sourcecode.c.h; path = MAThreadPool.h; sourceTree = "<group>"; };
		D12E00F01FE1342700AB447A /* MAThreadPool.m */ = {isa = PBXFileReference; fileEncoding = 4; lastKnownFileType = sourcecode.c.objc; path = MAThreadPool.m; sourceTree = "<group>"; };
/* End PBXFileReference section */

/* Begin PBXFrameworksBuildPhase section */
		D12E00D11FE117C400AB447A /* Frameworks */ = {
			isa = PBXFrameworksBuildPhase;
			buildActionMask = 2147483647;
			files = (
			);
			runOnlyForDeploymentPostprocessing = 0;
		};
/* End PBXFrameworksBuildPhase section */

/* Begin PBXGroup section */
		D12E00CB1FE117C400AB447A = {
			isa = PBXGroup;
			children = (
				D12E00D61FE117C400AB447A /* CustomControl */,
				D12E00D51FE117C400AB447A /* Products */,
			);
			sourceTree = "<group>";
		};
		D12E00D51FE117C400AB447A /* Products */ = {
			isa = PBXGroup;
			children = (
				D12E00D41FE117C400AB447A /* CustomControl.app */,
			);
			name = Products;
			sourceTree = "<group>";
		};
		D12E00D61FE117C400AB447A /* CustomControl */ = {
			isa = PBXGroup;
			children = (
				D12E00EB1FE1341200AB447A /* MADispatchGroup */,
				D12E00E91FE117E200AB447A /* CustomButtonAction.swift */,
				D12E00D71FE117C400AB447A /* AppDelegate.swift */,
				D12E00D91FE117C400AB447A /* ViewController.swift */,
				D12E00DB1FE117C400AB447A /* Main.storyboard */,
				D12E00DE1FE117C400AB447A /* Assets.xcassets */,
				D12E00E01FE117C400AB447A /* LaunchScreen.storyboard */,
				D12E00E31FE117C400AB447A /* Info.plist */,
			);
			path = CustomControl;
			sourceTree = "<group>";
		};
		D12E00EB1FE1341200AB447A /* MADispatchGroup */ = {
			isa = PBXGroup;
			children = (
				D12E00ED1FE1342700AB447A /* MADispatchQueue.h */,
				D12E00EE1FE1342700AB447A /* MADispatchQueue.m */,
				D12E00EF1FE1342700AB447A /* MAThreadPool.h */,
				D12E00F01FE1342700AB447A /* MAThreadPool.m */,
				D12E00EC1FE1342700AB447A /* CustomControl-Bridging-Header.h */,
			);
			path = MADispatchGroup;
			sourceTree = "<group>";
		};
/* End PBXGroup section */

/* Begin PBXNativeTarget section */
		D12E00D31FE117C400AB447A /* CustomControl */ = {
			isa = PBXNativeTarget;
			buildConfigurationList = D12E00E61FE117C400AB447A /* Build configuration list for PBXNativeTarget "CustomControl" */;
			buildPhases = (
				D12E00D01FE117C400AB447A /* Sources */,
				D12E00D11FE117C400AB447A /* Frameworks */,
				D12E00D21FE117C400AB447A /* Resources */,
			);
			buildRules = (
			);
			dependencies = (
			);
			name = CustomControl;
			productName = CustomControl;
			productReference = D12E00D41FE117C400AB447A /* CustomControl.app */;
			productType = "com.apple.product-type.application";
		};
/* End PBXNativeTarget section */

/* Begin PBXProject section */
		D12E00CC1FE117C400AB447A /* Project object */ = {
			isa = PBXProject;
			attributes = {
				LastSwiftUpdateCheck = 0910;
				LastUpgradeCheck = 0910;
				ORGANIZATIONNAME = An;
				TargetAttributes = {
					D12E00D31FE117C400AB447A = {
						CreatedOnToolsVersion = 9.1;
						LastSwiftMigration = 0910;
						ProvisioningStyle = Automatic;
					};
				};
			};
			buildConfigurationList = D12E00CF1FE117C400AB447A /* Build configuration list for PBXProject "CustomControl" */;
			compatibilityVersion = "Xcode 8.0";
			developmentRegion = en;
			hasScannedForEncodings = 0;
			knownRegions = (
				en,
				Base,
			);
			mainGroup = D12E00CB1FE117C400AB447A;
			productRefGroup = D12E00D51FE117C400AB447A /* Products */;
			projectDirPath = "";
			projectRoot = "";
			targets = (
				D12E00D31FE117C400AB447A /* CustomControl */,
			);
		};
/* End PBXProject section */

/* Begin PBXResourcesBuildPhase section */
		D12E00D21FE117C400AB447A /* Resources */ = {
			isa = PBXResourcesBuildPhase;
			buildActionMask = 2147483647;
			files = (
				D12E00E21FE117C400AB447A /* LaunchScreen.storyboard in Resources */,
				D12E00DF1FE117C400AB447A /* Assets.xcassets in Resources */,
				D12E00DD1FE117C400AB447A /* Main.storyboard in Resources */,
			);
			runOnlyForDeploymentPostprocessing = 0;
		};
/* End PBXResourcesBuildPhase section */

/* Begin PBXSourcesBuildPhase section */
		D12E00D01FE117C400AB447A /* Sources */ = {
			isa = PBXSourcesBuildPhase;
			buildActionMask = 2147483647;
			files = (
				D12E00F21FE1342700AB447A /* MAThreadPool.m in Sources */,
				D12E00DA1FE117C400AB447A /* ViewController.swift in Sources */,
				D12E00EA1FE117E200AB447A /* CustomButtonAction.swift in Sources */,
				D12E00D81FE117C400AB447A /* AppDelegate.swift in Sources */,
				D12E00F11FE1342700AB447A /* MADispatchQueue.m in Sources */,
			);
			runOnlyForDeploymentPostprocessing = 0;
		};
/* End PBXSourcesBuildPhase section */

/* Begin PBXVariantGroup section */
		D12E00DB1FE117C400AB447A /* Main.storyboard */ = {
			isa = PBXVariantGroup;
			children = (
				D12E00DC1FE117C400AB447A /* Base */,
			);
			name = Main.storyboard;
			sourceTree = "<group>";
		};
		D12E00E01FE117C400AB447A /* LaunchScreen.storyboard */ = {
			isa = PBXVariantGroup;
			children = (
				D12E00E11FE117C400AB447A /* Base */,
			);
			name = LaunchScreen.storyboard;
			sourceTree = "<group>";
		};
/* End PBXVariantGroup section */

/* Begin XCBuildConfiguration section */
		D12E00E41FE117C400AB447A /* Debug */ = {
			isa = XCBuildConfiguration;
			buildSettings = {
				ALWAYS_SEARCH_USER_PATHS = NO;
				CLANG_ANALYZER_NONNULL = YES;
				CLANG_ANALYZER_NUMBER_OBJECT_CONVERSION = YES_AGGRESSIVE;
				CLANG_CXX_LANGUAGE_STANDARD = "gnu++14";
				CLANG_CXX_LIBRARY = "libc++";
				CLANG_ENABLE_MODULES = YES;
				CLANG_ENABLE_OBJC_ARC = YES;
				CLANG_WARN_BLOCK_CAPTURE_AUTORELEASING = YES;
				CLANG_WARN_BOOL_CONVERSION = YES;
				CLANG_WARN_COMMA = YES;
				CLANG_WARN_CONSTANT_CONVERSION = YES;
				CLANG_WARN_DIRECT_OBJC_ISA_USAGE = YES_ERROR;
				CLANG_WARN_DOCUMENTATION_COMMENTS = YES;
				CLANG_WARN_EMPTY_BODY = YES;
				CLANG_WARN_ENUM_CONVERSION = YES;
				CLANG_WARN_INFINITE_RECURSION = YES;
				CLANG_WARN_INT_CONVERSION = YES;
				CLANG_WARN_NON_LITERAL_NULL_CONVERSION = YES;
				CLANG_WARN_OBJC_LITERAL_CONVERSION = YES;
				CLANG_WARN_OBJC_ROOT_CLASS = YES_ERROR;
				CLANG_WARN_RANGE_LOOP_ANALYSIS = YES;
				CLANG_WARN_STRICT_PROTOTYPES = YES;
				CLANG_WARN_SUSPICIOUS_MOVE = YES;
				CLANG_WARN_UNGUARDED_AVAILABILITY = YES_AGGRESSIVE;
				CLANG_WARN_UNREACHABLE_CODE = YES;
				CLANG_WARN__DUPLICATE_METHOD_MATCH = YES;
				CODE_SIGN_IDENTITY = "iPhone Developer";
				COPY_PHASE_STRIP = NO;
				DEBUG_INFORMATION_FORMAT = dwarf;
				ENABLE_STRICT_OBJC_MSGSEND = YES;
				ENABLE_TESTABILITY = YES;
				GCC_C_LANGUAGE_STANDARD = gnu11;
				GCC_DYNAMIC_NO_PIC = NO;
				GCC_NO_COMMON_BLOCKS = YES;
				GCC_OPTIMIZATION_LEVEL = 0;
				GCC_PREPROCESSOR_DEFINITIONS = (
					"DEBUG=1",
					"$(inherited)",
				);
				GCC_WARN_64_TO_32_BIT_CONVERSION = YES;
				GCC_WARN_ABOUT_RETURN_TYPE = YES_ERROR;
				GCC_WARN_UNDECLARED_SELECTOR = YES;
				GCC_WARN_UNINITIALIZED_AUTOS = YES_AGGRESSIVE;
				GCC_WARN_UNUSED_FUNCTION = YES;
				GCC_WARN_UNUSED_VARIABLE = YES;
				IPHONEOS_DEPLOYMENT_TARGET = 11.1;
				MTL_ENABLE_DEBUG_INFO = YES;
				ONLY_ACTIVE_ARCH = YES;
				SDKROOT = iphoneos;
				SWIFT_ACTIVE_COMPILATION_CONDITIONS = DEBUG;
				SWIFT_OPTIMIZATION_LEVEL = "-Onone";
			};
			name = Debug;
		};
		D12E00E51FE117C400AB447A /* Release */ = {
			isa = XCBuildConfiguration;
			buildSettings = {
				ALWAYS_SEARCH_USER_PATHS = NO;
				CLANG_ANALYZER_NONNULL = YES;
				CLANG_ANALYZER_NUMBER_OBJECT_CONVERSION = YES_AGGRESSIVE;
				CLANG_CXX_LANGUAGE_STANDARD = "gnu++14";
				CLANG_CXX_LIBRARY = "libc++";
				CLANG_ENABLE_MODULES = YES;
				CLANG_ENABLE_OBJC_ARC = YES;
				CLANG_WARN_BLOCK_CAPTURE_AUTORELEASING = YES;
				CLANG_WARN_BOOL_CONVERSION = YES;
				CLANG_WARN_COMMA = YES;
				CLANG_WARN_CONSTANT_CONVERSION = YES;
				CLANG_WARN_DIRECT_OBJC_ISA_USAGE = YES_ERROR;
				CLANG_WARN_DOCUMENTATION_COMMENTS = YES;
				CLANG_WARN_EMPTY_BODY = YES;
				CLANG_WARN_ENUM_CONVERSION = YES;
				CLANG_WARN_INFINITE_RECURSION = YES;
				CLANG_WARN_INT_CONVERSION = YES;
				CLANG_WARN_NON_LITERAL_NULL_CONVERSION = YES;
				CLANG_WARN_OBJC_LITERAL_CONVERSION = YES;
				CLANG_WARN_OBJC_ROOT_CLASS = YES_ERROR;
				CLANG_WARN_RANGE_LOOP_ANALYSIS = YES;
				CLANG_WARN_STRICT_PROTOTYPES = YES;
				CLANG_WARN_SUSPICIOUS_MOVE = YES;
				CLANG_WARN_UNGUARDED_AVAILABILITY = YES_AGGRESSIVE;
				CLANG_WARN_UNREACHABLE_CODE = YES;
				CLANG_WARN__DUPLICATE_METHOD_MATCH = YES;
				CODE_SIGN_IDENTITY = "iPhone Developer";
				COPY_PHASE_STRIP = NO;
				DEBUG_INFORMATION_FORMAT = "dwarf-with-dsym";
				ENABLE_NS_ASSERTIONS = NO;
				ENABLE_STRICT_OBJC_MSGSEND = YES;
				GCC_C_LANGUAGE_STANDARD = gnu11;
				GCC_NO_COMMON_BLOCKS = YES;
				GCC_WARN_64_TO_32_BIT_CONVERSION = YES;
				GCC_WARN_ABOUT_RETURN_TYPE = YES_ERROR;
				GCC_WARN_UNDECLARED_SELECTOR = YES;
				GCC_WARN_UNINITIALIZED_AUTOS = YES_AGGRESSIVE;
				GCC_WARN_UNUSED_FUNCTION = YES;
				GCC_WARN_UNUSED_VARIABLE = YES;
				IPHONEOS_DEPLOYMENT_TARGET = 11.1;
				MTL_ENABLE_DEBUG_INFO = NO;
				SDKROOT = iphoneos;
				SWIFT_OPTIMIZATION_LEVEL = "-Owholemodule";
				VALIDATE_PRODUCT = YES;
			};
			name = Release;
		};
		D12E00E71FE117C400AB447A /* Debug */ = {
			isa = XCBuildConfiguration;
			buildSettings = {
				ASSETCATALOG_COMPILER_APPICON_NAME = AppIcon;
				CLANG_ENABLE_MODULES = YES;
				CODE_SIGN_STYLE = Automatic;
				INFOPLIST_FILE = CustomControl/Info.plist;
				LD_RUNPATH_SEARCH_PATHS = "$(inherited) @executable_path/Frameworks";
				PRODUCT_BUNDLE_IDENTIFIER = com.CustomControl;
				PRODUCT_NAME = "$(TARGET_NAME)";
				SWIFT_OBJC_BRIDGING_HEADER = "CustomControl/MADispatchGroup/CustomControl-Bridging-Header.h";
				SWIFT_OPTIMIZATION_LEVEL = "-Onone";
				SWIFT_VERSION = 4.0;
				TARGETED_DEVICE_FAMILY = "1,2";
			};
			name = Debug;
		};
		D12E00E81FE117C400AB447A /* Release */ = {
			isa = XCBuildConfiguration;
			buildSettings = {
				ASSETCATALOG_COMPILER_APPICON_NAME = AppIcon;
				CLANG_ENABLE_MODULES = YES;
				CODE_SIGN_STYLE = Automatic;
				INFOPLIST_FILE = CustomControl/Info.plist;
				LD_RUNPATH_SEARCH_PATHS = "$(inherited) @executable_path/Frameworks";
				PRODUCT_BUNDLE_IDENTIFIER = com.CustomControl;
				PRODUCT_NAME = "$(TARGET_NAME)";
				SWIFT_OBJC_BRIDGING_HEADER = "CustomControl/MADispatchGroup/CustomControl-Bridging-Header.h";
				SWIFT_VERSION = 4.0;
				TARGETED_DEVICE_FAMILY = "1,2";
			};
			name = Release;
		};
/* End XCBuildConfiguration section */

/* Begin XCConfigurationList section */
		D12E00CF1FE117C400AB447A /* Build configuration list for PBXProject "CustomControl" */ = {
			isa = XCConfigurationList;
			buildConfigurations = (
				D12E00E41FE117C400AB447A /* Debug */,
				D12E00E51FE117C400AB447A /* Release */,
			);
			defaultConfigurationIsVisible = 0;
			defaultConfigurationName = Release;
		};
		D12E00E61FE117C400AB447A /* Build configuration list for PBXNativeTarget "CustomControl" */ = {
			isa = XCConfigurationList;
			buildConfigurations = (
				D12E00E71FE117C400AB447A /* Debug */,
				D12E00E81FE117C400AB447A /* Release */,
			);
			defaultConfigurationIsVisible = 0;
			defaultConfigurationName = Release;
		};
/* End XCConfigurationList section */
	};
	rootObject = D12E00CC1FE117C400AB447A /* Project object */;
}
